{
  "name": "fb2html",
  "version": "1.0.0",
  "lockfileVersion": 1,
  "requires": true,
  "dependencies": {
    "hyphen": {
      "version": "1.1.1",
      "resolved": "https://registry.npmjs.org/hyphen/-/hyphen-1.1.1.tgz",
      "integrity": "sha512-S6KSoGZWPutjTB7koZ9Ci9xzETBa7GVlNe42r0hF+rhoE/6lLHwEvi2FQSEhyWIjVo46tV94vn96hcsuum1THg=="
    },
    "sax": {
      "version": "1.2.4",
      "resolved": "https://registry.npmjs.org/sax/-/sax-1.2.4.tgz",
      "integrity": "sha512-NqVDv9TpANUjFm0N8uM5GxL36UgKi9/atZw+x7YFnQ8ckwFGKrl4xX4yWtrey3UJm5nP1kUbnYgLopqWNSRhWw=="
    },
    "xmldoc": {
      "version": "1.1.2",
      "resolved": "https://registry.npmjs.org/xmldoc/-/xmldoc-1.1.2.tgz",
      "integrity": "sha512-ruPC/fyPNck2BD1dpz0AZZyrEwMOrWTO5lDdIXS91rs3wtm4j+T8Rp2o+zoOYkkAxJTZRPOSnOGei1egoRmKMQ==",
      "requires": {
        "sax": "^1.2.1"
      }
    }
  }
}
